// !$*UTF8*$!
{
	archiveVersion = 1;
	classes = {
	};
	objectVersion = 56;
	objects = {

/* Begin PBXBuildFile section */
		9A7C771529D2633D00E17ABF /* EducationalApp.swift in Sources */ = {isa = PBXBuildFile; fileRef = 9A7C771429D2633D00E17ABF /* EducationalApp.swift */; };
		9A7C771729D2633D00E17ABF /* HomeView.swift in Sources */ = {isa = PBXBuildFile; fileRef = 9A7C771629D2633D00E17ABF /* HomeView.swift */; };
		9A7C771929D2633E00E17ABF /* Assets.xcassets in Resources */ = {isa = PBXBuildFile; fileRef = 9A7C771829D2633E00E17ABF /* Assets.xcassets */; };
		9A7C771C29D2633E00E17ABF /* Preview Assets.xcassets in Resources */ = {isa = PBXBuildFile; fileRef = 9A7C771B29D2633E00E17ABF /* Preview Assets.xcassets */; };
		9A7C772829D2647C00E17ABF /* ContentModel.swift in Sources */ = {isa = PBXBuildFile; fileRef = 9A7C772729D2647C00E17ABF /* ContentModel.swift */; };
		9A7C772B29D2668900E17ABF /* style.html in Resources */ = {isa = PBXBuildFile; fileRef = 9A7C772929D2668900E17ABF /* style.html */; };
		9A7C772C29D2668900E17ABF /* data.json in Resources */ = {isa = PBXBuildFile; fileRef = 9A7C772A29D2668900E17ABF /* data.json */; };
		9A7C773229D2845B00E17ABF /* Module.swift in Sources */ = {isa = PBXBuildFile; fileRef = 9A7C773129D2845B00E17ABF /* Module.swift */; };
		9A7C773629D2A31A00E17ABF /* HomeViewRow.swift in Sources */ = {isa = PBXBuildFile; fileRef = 9A7C773529D2A31A00E17ABF /* HomeViewRow.swift */; };
		9A7C773829D37B8A00E17ABF /* ContentView.swift in Sources */ = {isa = PBXBuildFile; fileRef = 9A7C773729D37B8A00E17ABF /* ContentView.swift */; };
		9A7C773A29D388E700E17ABF /* ContentViewRow.swift in Sources */ = {isa = PBXBuildFile; fileRef = 9A7C773929D388E700E17ABF /* ContentViewRow.swift */; };
		9A7C773C29D3951400E17ABF /* ContentDetailView.swift in Sources */ = {isa = PBXBuildFile; fileRef = 9A7C773B29D3951400E17ABF /* ContentDetailView.swift */; };
		9A7C773F29D3990400E17ABF /* AVKit.framework in Frameworks */ = {isa = PBXBuildFile; fileRef = 9A7C773E29D3990300E17ABF /* AVKit.framework */; };
		9A7C774129D39A9600E17ABF /* Constants.swift in Sources */ = {isa = PBXBuildFile; fileRef = 9A7C774029D39A9600E17ABF /* Constants.swift */; };
		9A7C774329D4C43800E17ABF /* CodeTextView.swift in Sources */ = {isa = PBXBuildFile; fileRef = 9A7C774229D4C43800E17ABF /* CodeTextView.swift */; };
/* End PBXBuildFile section */

/* Begin PBXFileReference section */
		9A7C771129D2633D00E17ABF /* EducationApp.app */ = {isa = PBXFileReference; explicitFileType = wrapper.application; includeInIndex = 0; path = EducationApp.app; sourceTree = BUILT_PRODUCTS_DIR; };
		9A7C771429D2633D00E17ABF /* EducationalApp.swift */ = {isa = PBXFileReference; lastKnownFileType = sourcecode.swift; path = EducationalApp.swift; sourceTree = "<group>"; };
		9A7C771629D2633D00E17ABF /* HomeView.swift */ = {isa = PBXFileReference; lastKnownFileType = sourcecode.swift; path = HomeView.swift; sourceTree = "<group>"; };
		9A7C771829D2633E00E17ABF /* Assets.xcassets */ = {isa = PBXFileReference; lastKnownFileType = folder.assetcatalog; path = Assets.xcassets; sourceTree = "<group>"; };
		9A7C771B29D2633E00E17ABF /* Preview Assets.xcassets */ = {isa = PBXFileReference; lastKnownFileType = folder.assetcatalog; path = "Preview Assets.xcassets"; sourceTree = "<group>"; };
		9A7C772729D2647C00E17ABF /* ContentModel.swift */ = {isa = PBXFileReference; lastKnownFileType = sourcecode.swift; path = ContentModel.swift; sourceTree = "<group>"; };
		9A7C772929D2668900E17ABF /* style.html */ = {isa = PBXFileReference; fileEncoding = 4; lastKnownFileType = text.html; path = style.html; sourceTree = "<group>"; };
		9A7C772A29D2668900E17ABF /* data.json */ = {isa = PBXFileReference; fileEncoding = 4; lastKnownFileType = text.json; path = data.json; sourceTree = "<group>"; };
		9A7C773129D2845B00E17ABF /* Module.swift */ = {isa = PBXFileReference; lastKnownFileType = sourcecode.swift; path = Module.swift; sourceTree = "<group>"; };
		9A7C773529D2A31A00E17ABF /* HomeViewRow.swift */ = {isa = PBXFileReference; lastKnownFileType = sourcecode.swift; path = HomeViewRow.swift; sourceTree = "<group>"; };
		9A7C773729D37B8A00E17ABF /* ContentView.swift */ = {isa = PBXFileReference; lastKnownFileType = sourcecode.swift; path = ContentView.swift; sourceTree = "<group>"; };
		9A7C773929D388E700E17ABF /* ContentViewRow.swift */ = {isa = PBXFileReference; lastKnownFileType = sourcecode.swift; path = ContentViewRow.swift; sourceTree = "<group>"; };
		9A7C773B29D3951400E17ABF /* ContentDetailView.swift */ = {isa = PBXFileReference; lastKnownFileType = sourcecode.swift; path = ContentDetailView.swift; sourceTree = "<group>"; };
		9A7C773E29D3990300E17ABF /* AVKit.framework */ = {isa = PBXFileReference; lastKnownFileType = wrapper.framework; name = AVKit.framework; path = System/Library/Frameworks/AVKit.framework; sourceTree = SDKROOT; };
		9A7C774029D39A9600E17ABF /* Constants.swift */ = {isa = PBXFileReference; lastKnownFileType = sourcecode.swift; path = Constants.swift; sourceTree = "<group>"; };
		9A7C774229D4C43800E17ABF /* CodeTextView.swift */ = {isa = PBXFileReference; lastKnownFileType = sourcecode.swift; path = CodeTextView.swift; sourceTree = "<group>"; };
/* End PBXFileReference section */

/* Begin PBXFrameworksBuildPhase section */
		9A7C770E29D2633D00E17ABF /* Frameworks */ = {
			isa = PBXFrameworksBuildPhase;
			buildActionMask = 2147483647;
			files = (
				9A7C773F29D3990400E17ABF /* AVKit.framework in Frameworks */,
			);
			runOnlyForDeploymentPostprocessing = 0;
		};
/* End PBXFrameworksBuildPhase section */

/* Begin PBXGroup section */
		9A7C770829D2633D00E17ABF = {
			isa = PBXGroup;
			children = (
				9A7C771329D2633D00E17ABF /* EducationApp */,
				9A7C771229D2633D00E17ABF /* Products */,
				9A7C773D29D3990300E17ABF /* Frameworks */,
			);
			sourceTree = "<group>";
		};
		9A7C771229D2633D00E17ABF /* Products */ = {
			isa = PBXGroup;
			children = (
				9A7C771129D2633D00E17ABF /* EducationApp.app */,
			);
			name = Products;
			sourceTree = "<group>";
		};
		9A7C771329D2633D00E17ABF /* EducationApp */ = {
			isa = PBXGroup;
			children = (
				9A7C771429D2633D00E17ABF /* EducationalApp.swift */,
				9A7C772229D2639C00E17ABF /* VIews */,
				9A7C772329D263A300E17ABF /* ViewModels */,
				9A7C772429D263A900E17ABF /* Models */,
				9A7C772529D263B700E17ABF /* Resources */,
				9A7C772629D263CA00E17ABF /* Helpers */,
				9A7C771829D2633E00E17ABF /* Assets.xcassets */,
				9A7C771A29D2633E00E17ABF /* Preview Content */,
			);
			path = EducationApp;
			sourceTree = "<group>";
		};
		9A7C771A29D2633E00E17ABF /* Preview Content */ = {
			isa = PBXGroup;
			children = (
				9A7C771B29D2633E00E17ABF /* Preview Assets.xcassets */,
			);
			path = "Preview Content";
			sourceTree = "<group>";
		};
		9A7C772229D2639C00E17ABF /* VIews */ = {
			isa = PBXGroup;
			children = (
				9A7C771629D2633D00E17ABF /* HomeView.swift */,
				9A7C773529D2A31A00E17ABF /* HomeViewRow.swift */,
				9A7C773729D37B8A00E17ABF /* ContentView.swift */,
				9A7C773929D388E700E17ABF /* ContentViewRow.swift */,
				9A7C773B29D3951400E17ABF /* ContentDetailView.swift */,
				9A7C774229D4C43800E17ABF /* CodeTextView.swift */,
			);
			path = VIews;
			sourceTree = "<group>";
		};
		9A7C772329D263A300E17ABF /* ViewModels */ = {
			isa = PBXGroup;
			children = (
				9A7C772729D2647C00E17ABF /* ContentModel.swift */,
			);
			path = ViewModels;
			sourceTree = "<group>";
		};
		9A7C772429D263A900E17ABF /* Models */ = {
			isa = PBXGroup;
			children = (
				9A7C773129D2845B00E17ABF /* Module.swift */,
			);
			path = Models;
			sourceTree = "<group>";
		};
		9A7C772529D263B700E17ABF /* Resources */ = {
			isa = PBXGroup;
			children = (
				9A7C772A29D2668900E17ABF /* data.json */,
				9A7C772929D2668900E17ABF /* style.html */,
				9A7C774029D39A9600E17ABF /* Constants.swift */,
			);
			path = Resources;
			sourceTree = "<group>";
		};
		9A7C772629D263CA00E17ABF /* Helpers */ = {
			isa = PBXGroup;
			children = (
			);
			path = Helpers;
			sourceTree = "<group>";
		};
		9A7C773D29D3990300E17ABF /* Frameworks */ = {
			isa = PBXGroup;
			children = (
				9A7C773E29D3990300E17ABF /* AVKit.framework */,
			);
			name = Frameworks;
			sourceTree = "<group>";
		};
/* End PBXGroup section */

/* Begin PBXNativeTarget section */
		9A7C771029D2633D00E17ABF /* EducationApp */ = {
			isa = PBXNativeTarget;
			buildConfigurationList = 9A7C771F29D2633E00E17ABF /* Build configuration list for PBXNativeTarget "EducationApp" */;
			buildPhases = (
				9A7C770D29D2633D00E17ABF /* Sources */,
				9A7C770E29D2633D00E17ABF /* Frameworks */,
				9A7C770F29D2633D00E17ABF /* Resources */,
			);
			buildRules = (
			);
			dependencies = (
			);
			name = EducationApp;
			productName = EducationApp;
			productReference = 9A7C771129D2633D00E17ABF /* EducationApp.app */;
			productType = "com.apple.product-type.application";
		};
/* End PBXNativeTarget section */

/* Begin PBXProject section */
		9A7C770929D2633D00E17ABF /* Project object */ = {
			isa = PBXProject;
			attributes = {
				BuildIndependentTargetsInParallel = 1;
				LastSwiftUpdateCheck = 1410;
				LastUpgradeCheck = 1410;
				TargetAttributes = {
					9A7C771029D2633D00E17ABF = {
						CreatedOnToolsVersion = 14.1;
					};
				};
			};
			buildConfigurationList = 9A7C770C29D2633D00E17ABF /* Build configuration list for PBXProject "EducationApp" */;
			compatibilityVersion = "Xcode 14.0";
			developmentRegion = en;
			hasScannedForEncodings = 0;
			knownRegions = (
				en,
				Base,
			);
			mainGroup = 9A7C770829D2633D00E17ABF;
			productRefGroup = 9A7C771229D2633D00E17ABF /* Products */;
			projectDirPath = "";
			projectRoot = "";
			targets = (
				9A7C771029D2633D00E17ABF /* EducationApp */,
			);
		};
/* End PBXProject section */

/* Begin PBXResourcesBuildPhase section */
		9A7C770F29D2633D00E17ABF /* Resources */ = {
			isa = PBXResourcesBuildPhase;
			buildActionMask = 2147483647;
			files = (
				9A7C772B29D2668900E17ABF /* style.html in Resources */,
				9A7C771C29D2633E00E17ABF /* Preview Assets.xcassets in Resources */,
				9A7C771929D2633E00E17ABF /* Assets.xcassets in Resources */,
				9A7C772C29D2668900E17ABF /* data.json in Resources */,
			);
			runOnlyForDeploymentPostprocessing = 0;
		};
/* End PBXResourcesBuildPhase section */

/* Begin PBXSourcesBuildPhase section */
		9A7C770D29D2633D00E17ABF /* Sources */ = {
			isa = PBXSourcesBuildPhase;
			buildActionMask = 2147483647;
			files = (
				9A7C771729D2633D00E17ABF /* HomeView.swift in Sources */,
				9A7C773629D2A31A00E17ABF /* HomeViewRow.swift in Sources */,
				9A7C773829D37B8A00E17ABF /* ContentView.swift in Sources */,
				9A7C773C29D3951400E17ABF /* ContentDetailView.swift in Sources */,
				9A7C771529D2633D00E17ABF /* EducationalApp.swift in Sources */,
				9A7C773A29D388E700E17ABF /* ContentViewRow.swift in Sources */,
				9A7C774329D4C43800E17ABF /* CodeTextView.swift in Sources */,
				9A7C772829D2647C00E17ABF /* ContentModel.swift in Sources */,
				9A7C773229D2845B00E17ABF /* Module.swift in Sources */,
				9A7C774129D39A9600E17ABF /* Constants.swift in Sources */,
			);
			runOnlyForDeploymentPostprocessing = 0;
		};
/* End PBXSourcesBuildPhase section */

/* Begin XCBuildConfiguration section */
		9A7C771D29D2633E00E17ABF /* Debug */ = {
			isa = XCBuildConfiguration;
			buildSettings = {
				ALWAYS_SEARCH_USER_PATHS = NO;
				CLANG_ANALYZER_NONNULL = YES;
				CLANG_ANALYZER_NUMBER_OBJECT_CONVERSION = YES_AGGRESSIVE;
				CLANG_CXX_LANGUAGE_STANDARD = "gnu++20";
				CLANG_ENABLE_MODULES = YES;
				CLANG_ENABLE_OBJC_ARC = YES;
				CLANG_ENABLE_OBJC_WEAK = YES;
				CLANG_WARN_BLOCK_CAPTURE_AUTORELEASING = YES;
				CLANG_WARN_BOOL_CONVERSION = YES;
				CLANG_WARN_COMMA = YES;
				CLANG_WARN_CONSTANT_CONVERSION = YES;
				CLANG_WARN_DEPRECATED_OBJC_IMPLEMENTATIONS = YES;
				CLANG_WARN_DIRECT_OBJC_ISA_USAGE = YES_ERROR;
				CLANG_WARN_DOCUMENTATION_COMMENTS = YES;
				CLANG_WARN_EMPTY_BODY = YES;
				CLANG_WARN_ENUM_CONVERSION = YES;
				CLANG_WARN_INFINITE_RECURSION = YES;
				CLANG_WARN_INT_CONVERSION = YES;
				CLANG_WARN_NON_LITERAL_NULL_CONVERSION = YES;
				CLANG_WARN_OBJC_IMPLICIT_RETAIN_SELF = YES;
				CLANG_WARN_OBJC_LITERAL_CONVERSION = YES;
				CLANG_WARN_OBJC_ROOT_CLASS = YES_ERROR;
				CLANG_WARN_QUOTED_INCLUDE_IN_FRAMEWORK_HEADER = YES;
				CLANG_WARN_RANGE_LOOP_ANALYSIS = YES;
				CLANG_WARN_STRICT_PROTOTYPES = YES;
				CLANG_WARN_SUSPICIOUS_MOVE = YES;
				CLANG_WARN_UNGUARDED_AVAILABILITY = YES_AGGRESSIVE;
				CLANG_WARN_UNREACHABLE_CODE = YES;
				CLANG_WARN__DUPLICATE_METHOD_MATCH = YES;
				COPY_PHASE_STRIP = NO;
				DEBUG_INFORMATION_FORMAT = dwarf;
				ENABLE_STRICT_OBJC_MSGSEND = YES;
				ENABLE_TESTABILITY = YES;
				GCC_C_LANGUAGE_STANDARD = gnu11;
				GCC_DYNAMIC_NO_PIC = NO;
				GCC_NO_COMMON_BLOCKS = YES;
				GCC_OPTIMIZATION_LEVEL = 0;
				GCC_PREPROCESSOR_DEFINITIONS = (
					"DEBUG=1",
					"$(inherited)",
				);
				GCC_WARN_64_TO_32_BIT_CONVERSION = YES;
				GCC_WARN_ABOUT_RETURN_TYPE = YES_ERROR;
				GCC_WARN_UNDECLARED_SELECTOR = YES;
				GCC_WARN_UNINITIALIZED_AUTOS = YES_AGGRESSIVE;
				GCC_WARN_UNUSED_FUNCTION = YES;
				GCC_WARN_UNUSED_VARIABLE = YES;
				IPHONEOS_DEPLOYMENT_TARGET = 16.1;
				MTL_ENABLE_DEBUG_INFO = INCLUDE_SOURCE;
				MTL_FAST_MATH = YES;
				ONLY_ACTIVE_ARCH = YES;
				SDKROOT = iphoneos;
				SWIFT_ACTIVE_COMPILATION_CONDITIONS = DEBUG;
				SWIFT_OPTIMIZATION_LEVEL = "-Onone";
			};
			name = Debug;
		};
		9A7C771E29D2633E00E17ABF /* Release */ = {
			isa = XCBuildConfiguration;
			buildSettings = {
				ALWAYS_SEARCH_USER_PATHS = NO;
				CLANG_ANALYZER_NONNULL = YES;
				CLANG_ANALYZER_NUMBER_OBJECT_CONVERSION = YES_AGGRESSIVE;
				CLANG_CXX_LANGUAGE_STANDARD = "gnu++20";
				CLANG_ENABLE_MODULES = YES;
				CLANG_ENABLE_OBJC_ARC = YES;
				CLANG_ENABLE_OBJC_WEAK = YES;
				CLANG_WARN_BLOCK_CAPTURE_AUTORELEASING = YES;
				CLANG_WARN_BOOL_CONVERSION = YES;
				CLANG_WARN_COMMA = YES;
				CLANG_WARN_CONSTANT_CONVERSION = YES;
				CLANG_WARN_DEPRECATED_OBJC_IMPLEMENTATIONS = YES;
				CLANG_WARN_DIRECT_OBJC_ISA_USAGE = YES_ERROR;
				CLANG_WARN_DOCUMENTATION_COMMENTS = YES;
				CLANG_WARN_EMPTY_BODY = YES;
				CLANG_WARN_ENUM_CONVERSION = YES;
				CLANG_WARN_INFINITE_RECURSION = YES;
				CLANG_WARN_INT_CONVERSION = YES;
				CLANG_WARN_NON_LITERAL_NULL_CONVERSION = YES;
				CLANG_WARN_OBJC_IMPLICIT_RETAIN_SELF = YES;
				CLANG_WARN_OBJC_LITERAL_CONVERSION = YES;
				CLANG_WARN_OBJC_ROOT_CLASS = YES_ERROR;
				CLANG_WARN_QUOTED_INCLUDE_IN_FRAMEWORK_HEADER = YES;
				CLANG_WARN_RANGE_LOOP_ANALYSIS = YES;
				CLANG_WARN_STRICT_PROTOTYPES = YES;
				CLANG_WARN_SUSPICIOUS_MOVE = YES;
				CLANG_WARN_UNGUARDED_AVAILABILITY = YES_AGGRESSIVE;
				CLANG_WARN_UNREACHABLE_CODE = YES;
				CLANG_WARN__DUPLICATE_METHOD_MATCH = YES;
				COPY_PHASE_STRIP = NO;
				DEBUG_INFORMATION_FORMAT = "dwarf-with-dsym";
				ENABLE_NS_ASSERTIONS = NO;
				ENABLE_STRICT_OBJC_MSGSEND = YES;
				GCC_C_LANGUAGE_STANDARD = gnu11;
				GCC_NO_COMMON_BLOCKS = YES;
				GCC_WARN_64_TO_32_BIT_CONVERSION = YES;
				GCC_WARN_ABOUT_RETURN_TYPE = YES_ERROR;
				GCC_WARN_UNDECLARED_SELECTOR = YES;
				GCC_WARN_UNINITIALIZED_AUTOS = YES_AGGRESSIVE;
				GCC_WARN_UNUSED_FUNCTION = YES;
				GCC_WARN_UNUSED_VARIABLE = YES;
				IPHONEOS_DEPLOYMENT_TARGET = 16.1;
				MTL_ENABLE_DEBUG_INFO = NO;
				MTL_FAST_MATH = YES;
				SDKROOT = iphoneos;
				SWIFT_COMPILATION_MODE = wholemodule;
				SWIFT_OPTIMIZATION_LEVEL = "-O";
				VALIDATE_PRODUCT = YES;
			};
			name = Release;
		};
		9A7C772029D2633E00E17ABF /* Debug */ = {
			isa = XCBuildConfiguration;
			buildSettings = {
				ASSETCATALOG_COMPILER_APPICON_NAME = AppIcon;
				ASSETCATALOG_COMPILER_GLOBAL_ACCENT_COLOR_NAME = AccentColor;
				CODE_SIGN_STYLE = Automatic;
				CURRENT_PROJECT_VERSION = 1;
				DEVELOPMENT_ASSET_PATHS = "\"EducationApp/Preview Content\"";
				DEVELOPMENT_TEAM = 3D54N7DNJ9;
				ENABLE_PREVIEWS = YES;
				GENERATE_INFOPLIST_FILE = YES;
				INFOPLIST_KEY_UIApplicationSceneManifest_Generation = YES;
				INFOPLIST_KEY_UIApplicationSupportsIndirectInputEvents = YES;
				INFOPLIST_KEY_UILaunchScreen_Generation = YES;
				INFOPLIST_KEY_UISupportedInterfaceOrientations_iPad = "UIInterfaceOrientationPortrait UIInterfaceOrientationPortraitUpsideDown UIInterfaceOrientationLandscapeLeft UIInterfaceOrientationLandscapeRight";
				INFOPLIST_KEY_UISupportedInterfaceOrientations_iPhone = "UIInterfaceOrientationPortrait UIInterfaceOrientationLandscapeLeft UIInterfaceOrientationLandscapeRight";
				LD_RUNPATH_SEARCH_PATHS = (
					"$(inherited)",
					"@executable_path/Frameworks",
				);
				MARKETING_VERSION = 1.0;
				PRODUCT_BUNDLE_IDENTIFIER = co.isaackim.EducationApp;
				PRODUCT_NAME = "$(TARGET_NAME)";
				SWIFT_EMIT_LOC_STRINGS = YES;
				SWIFT_VERSION = 5.0;
				TARGETED_DEVICE_FAMILY = "1,2";
			};
			name = Debug;
		};
		9A7C772129D2633E00E17ABF /* Release */ = {
			isa = XCBuildConfiguration;
			buildSettings = {
				ASSETCATALOG_COMPILER_APPICON_NAME = AppIcon;
				ASSETCATALOG_COMPILER_GLOBAL_ACCENT_COLOR_NAME = AccentColor;
				CODE_SIGN_STYLE = Automatic;
				CURRENT_PROJECT_VERSION = 1;
				DEVELOPMENT_ASSET_PATHS = "\"EducationApp/Preview Content\"";
				DEVELOPMENT_TEAM = 3D54N7DNJ9;
				ENABLE_PREVIEWS = YES;
				GENERATE_INFOPLIST_FILE = YES;
				INFOPLIST_KEY_UIApplicationSceneManifest_Generation = YES;
				INFOPLIST_KEY_UIApplicationSupportsIndirectInputEvents = YES;
				INFOPLIST_KEY_UILaunchScreen_Generation = YES;
				INFOPLIST_KEY_UISupportedInterfaceOrientations_iPad = "UIInterfaceOrientationPortrait UIInterfaceOrientationPortraitUpsideDown UIInterfaceOrientationLandscapeLeft UIInterfaceOrientationLandscapeRight";
				INFOPLIST_KEY_UISupportedInterfaceOrientations_iPhone = "UIInterfaceOrientationPortrait UIInterfaceOrientationLandscapeLeft UIInterfaceOrientationLandscapeRight";
				LD_RUNPATH_SEARCH_PATHS = (
					"$(inherited)",
					"@executable_path/Frameworks",
				);
				MARKETING_VERSION = 1.0;
				PRODUCT_BUNDLE_IDENTIFIER = co.isaackim.EducationApp;
				PRODUCT_NAME = "$(TARGET_NAME)";
				SWIFT_EMIT_LOC_STRINGS = YES;
				SWIFT_VERSION = 5.0;
				TARGETED_DEVICE_FAMILY = "1,2";
			};
			name = Release;
		};
/* End XCBuildConfiguration section */

/* Begin XCConfigurationList section */
		9A7C770C29D2633D00E17ABF /* Build configuration list for PBXProject "EducationApp" */ = {
			isa = XCConfigurationList;
			buildConfigurations = (
				9A7C771D29D2633E00E17ABF /* Debug */,
				9A7C771E29D2633E00E17ABF /* Release */,
			);
			defaultConfigurationIsVisible = 0;
			defaultConfigurationName = Release;
		};
		9A7C771F29D2633E00E17ABF /* Build configuration list for PBXNativeTarget "EducationApp" */ = {
			isa = XCConfigurationList;
			buildConfigurations = (
				9A7C772029D2633E00E17ABF /* Debug */,
				9A7C772129D2633E00E17ABF /* Release */,
			);
			defaultConfigurationIsVisible = 0;
			defaultConfigurationName = Release;
		};
/* End XCConfigurationList section */
	};
	rootObject = 9A7C770929D2633D00E17ABF /* Project object */;
}
